
Microsoft Visual Studio Solution File, Format Version 12.00
# Visual Studio Version 16
VisualStudioVersion = 16.0.30517.126
MinimumVisualStudioVersion = 10.0.40219.1
Project("{FAE04EC0-301F-11D3-BF4B-00C04F79EFBC}") = "CalculoProtecto", "CalculoProtecto\CalculoProtecto.csproj", "{866D8950-4349-43EE-B0A5-14999F878776}"
EndProject
Global
	GlobalSection(SolutionConfigurationPlatforms) = preSolution
		Debug|Any CPU = Debug|Any CPU
		Release|Any CPU = Release|Any CPU
	EndGlobalSection
	GlobalSection(ProjectConfigurationPlatforms) = postSolution
		{866D8950-4349-43EE-B0A5-14999F878776}.Debug|Any CPU.ActiveCfg = Debug|Any CPU
		{866D8950-4349-43EE-B0A5-14999F878776}.Debug|Any CPU.Build.0 = Debug|Any CPU
		{866D8950-4349-43EE-B0A5-14999F878776}.Release|Any CPU.ActiveCfg = Release|Any CPU
		{866D8950-4349-43EE-B0A5-14999F878776}.Release|Any CPU.Build.0 = Release|Any CPU
	EndGlobalSection
	GlobalSection(SolutionProperties) = preSolution
		HideSolutionNode = FALSE
	EndGlobalSection
	GlobalSection(ExtensibilityGlobals) = postSolution
		SolutionGuid = {D2BED058-7616-45C0-8630-F921691DB51E}
	EndGlobalSection
EndGlobal
